
Microsoft Visual Studio Solution File, Format Version 12.00
# Visual Studio Version 16
VisualStudioVersion = 16.0.30204.135
MinimumVisualStudioVersion = 10.0.40219.1
Project("{FAE04EC0-301F-11D3-BF4B-00C04F79EFBC}") = "MyECommerce.Core", "MyECommerce.Core\MyECommerce.Core.csproj", "{67DF17B0-B745-4A28-8F02-0EF4B2026C16}"
EndProject
Project("{FAE04EC0-301F-11D3-BF4B-00C04F79EFBC}") = "MyECommerce.Services", "MyECommerce.Services\MyECommerce.Services.csproj", "{15C7D575-0541-4863-B5C6-A0D1E240AD41}"
EndProject
Project("{FAE04EC0-301F-11D3-BF4B-00C04F79EFBC}") = "MyECommerce.DataAccess.SQL", "MyECommerce.DataAccess.SQL\MyECommerce.DataAccess.SQL.csproj", "{080FE534-3226-4E3F-9643-3D78A5BE22F3}"
EndProject
Project("{FAE04EC0-301F-11D3-BF4B-00C04F79EFBC}") = "MyECommerce.DataAccess.Inmemory", "MyECommerce.DataAccess.Inmemory\MyECommerce.DataAccess.Inmemory.csproj", "{333D18E9-2C42-4906-B2BD-265F14530368}"
EndProject
Project("{FAE04EC0-301F-11D3-BF4B-00C04F79EFBC}") = "MyECommerce.WebUI", "MyECommerce.WebUI\MyECommerce.WebUI.csproj", "{532E7136-6E93-47AF-B4DE-4E057BAA1F72}"
EndProject
Global
	GlobalSection(SolutionConfigurationPlatforms) = preSolution
		Debug|Any CPU = Debug|Any CPU
		Release|Any CPU = Release|Any CPU
	EndGlobalSection
	GlobalSection(ProjectConfigurationPlatforms) = postSolution
		{67DF17B0-B745-4A28-8F02-0EF4B2026C16}.Debug|Any CPU.ActiveCfg = Debug|Any CPU
		{67DF17B0-B745-4A28-8F02-0EF4B2026C16}.Debug|Any CPU.Build.0 = Debug|Any CPU
		{67DF17B0-B745-4A28-8F02-0EF4B2026C16}.Release|Any CPU.ActiveCfg = Release|Any CPU
		{67DF17B0-B745-4A28-8F02-0EF4B2026C16}.Release|Any CPU.Build.0 = Release|Any CPU
		{15C7D575-0541-4863-B5C6-A0D1E240AD41}.Debug|Any CPU.ActiveCfg = Debug|Any CPU
		{15C7D575-0541-4863-B5C6-A0D1E240AD41}.Debug|Any CPU.Build.0 = Debug|Any CPU
		{15C7D575-0541-4863-B5C6-A0D1E240AD41}.Release|Any CPU.ActiveCfg = Release|Any CPU
		{15C7D575-0541-4863-B5C6-A0D1E240AD41}.Release|Any CPU.Build.0 = Release|Any CPU
		{080FE534-3226-4E3F-9643-3D78A5BE22F3}.Debug|Any CPU.ActiveCfg = Debug|Any CPU
		{080FE534-3226-4E3F-9643-3D78A5BE22F3}.Debug|Any CPU.Build.0 = Debug|Any CPU
		{080FE534-3226-4E3F-9643-3D78A5BE22F3}.Release|Any CPU.ActiveCfg = Release|Any CPU
		{080FE534-3226-4E3F-9643-3D78A5BE22F3}.Release|Any CPU.Build.0 = Release|Any CPU
		{333D18E9-2C42-4906-B2BD-265F14530368}.Debug|Any CPU.ActiveCfg = Debug|Any CPU
		{333D18E9-2C42-4906-B2BD-265F14530368}.Debug|Any CPU.Build.0 = Debug|Any CPU
		{333D18E9-2C42-4906-B2BD-265F14530368}.Release|Any CPU.ActiveCfg = Release|Any CPU
		{333D18E9-2C42-4906-B2BD-265F14530368}.Release|Any CPU.Build.0 = Release|Any CPU
		{532E7136-6E93-47AF-B4DE-4E057BAA1F72}.Debug|Any CPU.ActiveCfg = Debug|Any CPU
		{532E7136-6E93-47AF-B4DE-4E057BAA1F72}.Debug|Any CPU.Build.0 = Debug|Any CPU
		{532E7136-6E93-47AF-B4DE-4E057BAA1F72}.Release|Any CPU.ActiveCfg = Release|Any CPU
		{532E7136-6E93-47AF-B4DE-4E057BAA1F72}.Release|Any CPU.Build.0 = Release|Any CPU
	EndGlobalSection
	GlobalSection(SolutionProperties) = preSolution
		HideSolutionNode = FALSE
	EndGlobalSection
	GlobalSection(ExtensibilityGlobals) = postSolution
		SolutionGuid = {7EDA9D3A-DAFE-4D36-A7AC-BB144E51CDF8}
	EndGlobalSection
EndGlobal
